// !$*UTF8*$!
{
	archiveVersion = 1;
	classes = {
	};
	objectVersion = 50;
	objects = {

/* Begin PBXBuildFile section */
		6544D05823E0D791002C734F /* AppDelegate.m in Sources */ = {isa = PBXBuildFile; fileRef = 6544D05723E0D791002C734F /* AppDelegate.m */; };
		6544D05B23E0D791002C734F /* SceneDelegate.m in Sources */ = {isa = PBXBuildFile; fileRef = 6544D05A23E0D791002C734F /* SceneDelegate.m */; };
		6544D06123E0D791002C734F /* Main.storyboard in Resources */ = {isa = PBXBuildFile; fileRef = 6544D05F23E0D791002C734F /* Main.storyboard */; };
		6544D06323E0D793002C734F /* Assets.xcassets in Resources */ = {isa = PBXBuildFile; fileRef = 6544D06223E0D793002C734F /* Assets.xcassets */; };
		6544D06623E0D793002C734F /* LaunchScreen.storyboard in Resources */ = {isa = PBXBuildFile; fileRef = 6544D06423E0D793002C734F /* LaunchScreen.storyboard */; };
		6544D06923E0D793002C734F /* main.m in Sources */ = {isa = PBXBuildFile; fileRef = 6544D06823E0D793002C734F /* main.m */; };
		6544D07723E0E23A002C734F /* DVMCard.m in Sources */ = {isa = PBXBuildFile; fileRef = 6544D07623E0E23A002C734F /* DVMCard.m */; };
		6544D07A23E0E85A002C734F /* DVMCardController.m in Sources */ = {isa = PBXBuildFile; fileRef = 6544D07923E0E85A002C734F /* DVMCardController.m */; };
		65CE9E0D23E0EECC000963E9 /* SwiftCardViewController.swift in Sources */ = {isa = PBXBuildFile; fileRef = 65CE9E0C23E0EECC000963E9 /* SwiftCardViewController.swift */; };
/* End PBXBuildFile section */

/* Begin PBXFileReference section */
		6544D05323E0D791002C734F /* DeckOfOneCardObj-C.app */ = {isa = PBXFileReference; explicitFileType = wrapper.application; includeInIndex = 0; path = "DeckOfOneCardObj-C.app"; sourceTree = BUILT_PRODUCTS_DIR; };
		6544D05623E0D791002C734F /* AppDelegate.h */ = {isa = PBXFileReference; lastKnownFileType = sourcecode.c.h; path = AppDelegate.h; sourceTree = "<group>"; };
		6544D05723E0D791002C734F /* AppDelegate.m */ = {isa = PBXFileReference; lastKnownFileType = sourcecode.c.objc; path = AppDelegate.m; sourceTree = "<group>"; };
		6544D05923E0D791002C734F /* SceneDelegate.h */ = {isa = PBXFileReference; lastKnownFileType = sourcecode.c.h; path = SceneDelegate.h; sourceTree = "<group>"; };
		6544D05A23E0D791002C734F /* SceneDelegate.m */ = {isa = PBXFileReference; lastKnownFileType = sourcecode.c.objc; path = SceneDelegate.m; sourceTree = "<group>"; };
		6544D06023E0D791002C734F /* Base */ = {isa = PBXFileReference; lastKnownFileType = file.storyboard; name = Base; path = Base.lproj/Main.storyboard; sourceTree = "<group>"; };
		6544D06223E0D793002C734F /* Assets.xcassets */ = {isa = PBXFileReference; lastKnownFileType = folder.assetcatalog; path = Assets.xcassets; sourceTree = "<group>"; };
		6544D06523E0D793002C734F /* Base */ = {isa = PBXFileReference; lastKnownFileType = file.storyboard; name = Base; path = Base.lproj/LaunchScreen.storyboard; sourceTree = "<group>"; };
		6544D06723E0D793002C734F /* Info.plist */ = {isa = PBXFileReference; lastKnownFileType = text.plist.xml; path = Info.plist; sourceTree = "<group>"; };
		6544D06823E0D793002C734F /* main.m */ = {isa = PBXFileReference; lastKnownFileType = sourcecode.c.objc; path = main.m; sourceTree = "<group>"; };
		6544D07523E0E23A002C734F /* DVMCard.h */ = {isa = PBXFileReference; lastKnownFileType = sourcecode.c.h; path = DVMCard.h; sourceTree = "<group>"; };
		6544D07623E0E23A002C734F /* DVMCard.m */ = {isa = PBXFileReference; lastKnownFileType = sourcecode.c.objc; path = DVMCard.m; sourceTree = "<group>"; };
		6544D07823E0E85A002C734F /* DVMCardController.h */ = {isa = PBXFileReference; lastKnownFileType = sourcecode.c.h; path = DVMCardController.h; sourceTree = "<group>"; };
		6544D07923E0E85A002C734F /* DVMCardController.m */ = {isa = PBXFileReference; lastKnownFileType = sourcecode.c.objc; path = DVMCardController.m; sourceTree = "<group>"; };
		6544D07E23E0ED6E002C734F /* DeckOfOneCardObj-C-Bridging-Header.h */ = {isa = PBXFileReference; lastKnownFileType = sourcecode.c.h; path = "DeckOfOneCardObj-C-Bridging-Header.h"; sourceTree = "<group>"; };
		65CE9E0C23E0EECC000963E9 /* SwiftCardViewController.swift */ = {isa = PBXFileReference; lastKnownFileType = sourcecode.swift; path = SwiftCardViewController.swift; sourceTree = "<group>"; };
/* End PBXFileReference section */

/* Begin PBXFrameworksBuildPhase section */
		6544D05023E0D791002C734F /* Frameworks */ = {
			isa = PBXFrameworksBuildPhase;
			buildActionMask = 2147483647;
			files = (
			);
			runOnlyForDeploymentPostprocessing = 0;
		};
/* End PBXFrameworksBuildPhase section */

/* Begin PBXGroup section */
		6544D04A23E0D791002C734F = {
			isa = PBXGroup;
			children = (
				6544D05523E0D791002C734F /* DeckOfOneCardObj-C */,
				6544D05423E0D791002C734F /* Products */,
			);
			sourceTree = "<group>";
		};
		6544D05423E0D791002C734F /* Products */ = {
			isa = PBXGroup;
			children = (
				6544D05323E0D791002C734F /* DeckOfOneCardObj-C.app */,
			);
			name = Products;
			sourceTree = "<group>";
		};
		6544D05523E0D791002C734F /* DeckOfOneCardObj-C */ = {
			isa = PBXGroup;
			children = (
				6544D07223E0D7C7002C734F /* Models */,
				6544D07123E0D7C1002C734F /* Controllers */,
				6544D07023E0D7B9002C734F /* Views */,
				6544D06F23E0D7B4002C734F /* Resources */,
			);
			path = "DeckOfOneCardObj-C";
			sourceTree = "<group>";
		};
		6544D06F23E0D7B4002C734F /* Resources */ = {
			isa = PBXGroup;
			children = (
				6544D05623E0D791002C734F /* AppDelegate.h */,
				6544D05723E0D791002C734F /* AppDelegate.m */,
				6544D05923E0D791002C734F /* SceneDelegate.h */,
				6544D05A23E0D791002C734F /* SceneDelegate.m */,
				6544D06223E0D793002C734F /* Assets.xcassets */,
				6544D06723E0D793002C734F /* Info.plist */,
				6544D06823E0D793002C734F /* main.m */,
			);
			path = Resources;
			sourceTree = "<group>";
		};
		6544D07023E0D7B9002C734F /* Views */ = {
			isa = PBXGroup;
			children = (
				6544D05F23E0D791002C734F /* Main.storyboard */,
				6544D06423E0D793002C734F /* LaunchScreen.storyboard */,
			);
			path = Views;
			sourceTree = "<group>";
		};
		6544D07123E0D7C1002C734F /* Controllers */ = {
			isa = PBXGroup;
			children = (
				6544D07423E0D7D2002C734F /* View Controllers */,
				6544D07323E0D7CA002C734F /* Model Controllers */,
			);
			path = Controllers;
			sourceTree = "<group>";
		};
		6544D07223E0D7C7002C734F /* Models */ = {
			isa = PBXGroup;
			children = (
				6544D07523E0E23A002C734F /* DVMCard.h */,
				6544D07623E0E23A002C734F /* DVMCard.m */,
			);
			path = Models;
			sourceTree = "<group>";
		};
		6544D07323E0D7CA002C734F /* Model Controllers */ = {
			isa = PBXGroup;
			children = (
				6544D07823E0E85A002C734F /* DVMCardController.h */,
				6544D07923E0E85A002C734F /* DVMCardController.m */,
			);
			path = "Model Controllers";
			sourceTree = "<group>";
		};
		6544D07423E0D7D2002C734F /* View Controllers */ = {
			isa = PBXGroup;
			children = (
				6544D07E23E0ED6E002C734F /* DeckOfOneCardObj-C-Bridging-Header.h */,
				65CE9E0C23E0EECC000963E9 /* SwiftCardViewController.swift */,
			);
			path = "View Controllers";
			sourceTree = "<group>";
		};
/* End PBXGroup section */

/* Begin PBXNativeTarget section */
		6544D05223E0D791002C734F /* DeckOfOneCardObj-C */ = {
			isa = PBXNativeTarget;
			buildConfigurationList = 6544D06C23E0D793002C734F /* Build configuration list for PBXNativeTarget "DeckOfOneCardObj-C" */;
			buildPhases = (
				6544D04F23E0D791002C734F /* Sources */,
				6544D05023E0D791002C734F /* Frameworks */,
				6544D05123E0D791002C734F /* Resources */,
			);
			buildRules = (
			);
			dependencies = (
			);
			name = "DeckOfOneCardObj-C";
			productName = "DeckOfOneCardObj-C";
			productReference = 6544D05323E0D791002C734F /* DeckOfOneCardObj-C.app */;
			productType = "com.apple.product-type.application";
		};
/* End PBXNativeTarget section */

/* Begin PBXProject section */
		6544D04B23E0D791002C734F /* Project object */ = {
			isa = PBXProject;
			attributes = {
				LastUpgradeCheck = 1130;
				ORGANIZATIONNAME = "Devin Singh";
				TargetAttributes = {
					6544D05223E0D791002C734F = {
						CreatedOnToolsVersion = 11.3.1;
						LastSwiftMigration = 1130;
					};
				};
			};
			buildConfigurationList = 6544D04E23E0D791002C734F /* Build configuration list for PBXProject "DeckOfOneCardObj-C" */;
			compatibilityVersion = "Xcode 9.3";
			developmentRegion = en;
			hasScannedForEncodings = 0;
			knownRegions = (
				en,
				Base,
			);
			mainGroup = 6544D04A23E0D791002C734F;
			productRefGroup = 6544D05423E0D791002C734F /* Products */;
			projectDirPath = "";
			projectRoot = "";
			targets = (
				6544D05223E0D791002C734F /* DeckOfOneCardObj-C */,
			);
		};
/* End PBXProject section */

/* Begin PBXResourcesBuildPhase section */
		6544D05123E0D791002C734F /* Resources */ = {
			isa = PBXResourcesBuildPhase;
			buildActionMask = 2147483647;
			files = (
				6544D06623E0D793002C734F /* LaunchScreen.storyboard in Resources */,
				6544D06323E0D793002C734F /* Assets.xcassets in Resources */,
				6544D06123E0D791002C734F /* Main.storyboard in Resources */,
			);
			runOnlyForDeploymentPostprocessing = 0;
		};
/* End PBXResourcesBuildPhase section */

/* Begin PBXSourcesBuildPhase section */
		6544D04F23E0D791002C734F /* Sources */ = {
			isa = PBXSourcesBuildPhase;
			buildActionMask = 2147483647;
			files = (
				6544D05823E0D791002C734F /* AppDelegate.m in Sources */,
				6544D07A23E0E85A002C734F /* DVMCardController.m in Sources */,
				65CE9E0D23E0EECC000963E9 /* SwiftCardViewController.swift in Sources */,
				6544D07723E0E23A002C734F /* DVMCard.m in Sources */,
				6544D06923E0D793002C734F /* main.m in Sources */,
				6544D05B23E0D791002C734F /* SceneDelegate.m in Sources */,
			);
			runOnlyForDeploymentPostprocessing = 0;
		};
/* End PBXSourcesBuildPhase section */

/* Begin PBXVariantGroup section */
		6544D05F23E0D791002C734F /* Main.storyboard */ = {
			isa = PBXVariantGroup;
			children = (
				6544D06023E0D791002C734F /* Base */,
			);
			name = Main.storyboard;
			sourceTree = "<group>";
		};
		6544D06423E0D793002C734F /* LaunchScreen.storyboard */ = {
			isa = PBXVariantGroup;
			children = (
				6544D06523E0D793002C734F /* Base */,
			);
			name = LaunchScreen.storyboard;
			sourceTree = "<group>";
		};
/* End PBXVariantGroup section */

/* Begin XCBuildConfiguration section */
		6544D06A23E0D793002C734F /* Debug */ = {
			isa = XCBuildConfiguration;
			buildSettings = {
				ALWAYS_SEARCH_USER_PATHS = NO;
				CLANG_ANALYZER_NONNULL = YES;
				CLANG_ANALYZER_NUMBER_OBJECT_CONVERSION = YES_AGGRESSIVE;
				CLANG_CXX_LANGUAGE_STANDARD = "gnu++14";
				CLANG_CXX_LIBRARY = "libc++";
				CLANG_ENABLE_MODULES = YES;
				CLANG_ENABLE_OBJC_ARC = YES;
				CLANG_ENABLE_OBJC_WEAK = YES;
				CLANG_WARN_BLOCK_CAPTURE_AUTORELEASING = YES;
				CLANG_WARN_BOOL_CONVERSION = YES;
				CLANG_WARN_COMMA = YES;
				CLANG_WARN_CONSTANT_CONVERSION = YES;
				CLANG_WARN_DEPRECATED_OBJC_IMPLEMENTATIONS = YES;
				CLANG_WARN_DIRECT_OBJC_ISA_USAGE = YES_ERROR;
				CLANG_WARN_DOCUMENTATION_COMMENTS = YES;
				CLANG_WARN_EMPTY_BODY = YES;
				CLANG_WARN_ENUM_CONVERSION = YES;
				CLANG_WARN_INFINITE_RECURSION = YES;
				CLANG_WARN_INT_CONVERSION = YES;
				CLANG_WARN_NON_LITERAL_NULL_CONVERSION = YES;
				CLANG_WARN_OBJC_IMPLICIT_RETAIN_SELF = YES;
				CLANG_WARN_OBJC_LITERAL_CONVERSION = YES;
				CLANG_WARN_OBJC_ROOT_CLASS = YES_ERROR;
				CLANG_WARN_RANGE_LOOP_ANALYSIS = YES;
				CLANG_WARN_STRICT_PROTOTYPES = YES;
				CLANG_WARN_SUSPICIOUS_MOVE = YES;
				CLANG_WARN_UNGUARDED_AVAILABILITY = YES_AGGRESSIVE;
				CLANG_WARN_UNREACHABLE_CODE = YES;
				CLANG_WARN__DUPLICATE_METHOD_MATCH = YES;
				COPY_PHASE_STRIP = NO;
				DEBUG_INFORMATION_FORMAT = dwarf;
				ENABLE_STRICT_OBJC_MSGSEND = YES;
				ENABLE_TESTABILITY = YES;
				GCC_C_LANGUAGE_STANDARD = gnu11;
				GCC_DYNAMIC_NO_PIC = NO;
				GCC_NO_COMMON_BLOCKS = YES;
				GCC_OPTIMIZATION_LEVEL = 0;
				GCC_PREPROCESSOR_DEFINITIONS = (
					"DEBUG=1",
					"$(inherited)",
				);
				GCC_WARN_64_TO_32_BIT_CONVERSION = YES;
				GCC_WARN_ABOUT_RETURN_TYPE = YES_ERROR;
				GCC_WARN_UNDECLARED_SELECTOR = YES;
				GCC_WARN_UNINITIALIZED_AUTOS = YES_AGGRESSIVE;
				GCC_WARN_UNUSED_FUNCTION = YES;
				GCC_WARN_UNUSED_VARIABLE = YES;
				IPHONEOS_DEPLOYMENT_TARGET = 13.2;
				MTL_ENABLE_DEBUG_INFO = INCLUDE_SOURCE;
				MTL_FAST_MATH = YES;
				ONLY_ACTIVE_ARCH = YES;
				SDKROOT = iphoneos;
			};
			name = Debug;
		};
		6544D06B23E0D793002C734F /* Release */ = {
			isa = XCBuildConfiguration;
			buildSettings = {
				ALWAYS_SEARCH_USER_PATHS = NO;
				CLANG_ANALYZER_NONNULL = YES;
				CLANG_ANALYZER_NUMBER_OBJECT_CONVERSION = YES_AGGRESSIVE;
				CLANG_CXX_LANGUAGE_STANDARD = "gnu++14";
				CLANG_CXX_LIBRARY = "libc++";
				CLANG_ENABLE_MODULES = YES;
				CLANG_ENABLE_OBJC_ARC = YES;
				CLANG_ENABLE_OBJC_WEAK = YES;
				CLANG_WARN_BLOCK_CAPTURE_AUTORELEASING = YES;
				CLANG_WARN_BOOL_CONVERSION = YES;
				CLANG_WARN_COMMA = YES;
				CLANG_WARN_CONSTANT_CONVERSION = YES;
				CLANG_WARN_DEPRECATED_OBJC_IMPLEMENTATIONS = YES;
				CLANG_WARN_DIRECT_OBJC_ISA_USAGE = YES_ERROR;
				CLANG_WARN_DOCUMENTATION_COMMENTS = YES;
				CLANG_WARN_EMPTY_BODY = YES;
				CLANG_WARN_ENUM_CONVERSION = YES;
				CLANG_WARN_INFINITE_RECURSION = YES;
				CLANG_WARN_INT_CONVERSION = YES;
				CLANG_WARN_NON_LITERAL_NULL_CONVERSION = YES;
				CLANG_WARN_OBJC_IMPLICIT_RETAIN_SELF = YES;
				CLANG_WARN_OBJC_LITERAL_CONVERSION = YES;
				CLANG_WARN_OBJC_ROOT_CLASS = YES_ERROR;
				CLANG_WARN_RANGE_LOOP_ANALYSIS = YES;
				CLANG_WARN_STRICT_PROTOTYPES = YES;
				CLANG_WARN_SUSPICIOUS_MOVE = YES;
				CLANG_WARN_UNGUARDED_AVAILABILITY = YES_AGGRESSIVE;
				CLANG_WARN_UNREACHABLE_CODE = YES;
				CLANG_WARN__DUPLICATE_METHOD_MATCH = YES;
				COPY_PHASE_STRIP = NO;
				DEBUG_INFORMATION_FORMAT = "dwarf-with-dsym";
				ENABLE_NS_ASSERTIONS = NO;
				ENABLE_STRICT_OBJC_MSGSEND = YES;
				GCC_C_LANGUAGE_STANDARD = gnu11;
				GCC_NO_COMMON_BLOCKS = YES;
				GCC_WARN_64_TO_32_BIT_CONVERSION = YES;
				GCC_WARN_ABOUT_RETURN_TYPE = YES_ERROR;
				GCC_WARN_UNDECLARED_SELECTOR = YES;
				GCC_WARN_UNINITIALIZED_AUTOS = YES_AGGRESSIVE;
				GCC_WARN_UNUSED_FUNCTION = YES;
				GCC_WARN_UNUSED_VARIABLE = YES;
				IPHONEOS_DEPLOYMENT_TARGET = 13.2;
				MTL_ENABLE_DEBUG_INFO = NO;
				MTL_FAST_MATH = YES;
				SDKROOT = iphoneos;
				VALIDATE_PRODUCT = YES;
			};
			name = Release;
		};
		6544D06D23E0D793002C734F /* Debug */ = {
			isa = XCBuildConfiguration;
			buildSettings = {
				ASSETCATALOG_COMPILER_APPICON_NAME = AppIcon;
				CLANG_ENABLE_MODULES = YES;
				CODE_SIGN_STYLE = Automatic;
				DEVELOPMENT_TEAM = 78Q4S5C992;
				INFOPLIST_FILE = "DeckOfOneCardObj-C/Resources/Info.plist";
				LD_RUNPATH_SEARCH_PATHS = (
					"$(inherited)",
					"@executable_path/Frameworks",
				);
				PRODUCT_BUNDLE_IDENTIFIER = "com.DevinS.DeckOfOneCardObj-C";
				PRODUCT_NAME = "$(TARGET_NAME)";
				SWIFT_OBJC_BRIDGING_HEADER = "DeckOfOneCardObj-C/Controllers/View Controllers/DeckOfOneCardObj-C-Bridging-Header.h";
				SWIFT_OPTIMIZATION_LEVEL = "-Onone";
				SWIFT_VERSION = 5.0;
				TARGETED_DEVICE_FAMILY = "1,2";
			};
			name = Debug;
		};
		6544D06E23E0D793002C734F /* Release */ = {
			isa = XCBuildConfiguration;
			buildSettings = {
				ASSETCATALOG_COMPILER_APPICON_NAME = AppIcon;
				CLANG_ENABLE_MODULES = YES;
				CODE_SIGN_STYLE = Automatic;
				DEVELOPMENT_TEAM = 78Q4S5C992;
				INFOPLIST_FILE = "DeckOfOneCardObj-C/Resources/Info.plist";
				LD_RUNPATH_SEARCH_PATHS = (
					"$(inherited)",
					"@executable_path/Frameworks",
				);
				PRODUCT_BUNDLE_IDENTIFIER = "com.DevinS.DeckOfOneCardObj-C";
				PRODUCT_NAME = "$(TARGET_NAME)";
				SWIFT_OBJC_BRIDGING_HEADER = "DeckOfOneCardObj-C/Controllers/View Controllers/DeckOfOneCardObj-C-Bridging-Header.h";
				SWIFT_VERSION = 5.0;
				TARGETED_DEVICE_FAMILY = "1,2";
			};
			name = Release;
		};
/* End XCBuildConfiguration section */

/* Begin XCConfigurationList section */
		6544D04E23E0D791002C734F /* Build configuration list for PBXProject "DeckOfOneCardObj-C" */ = {
			isa = XCConfigurationList;
			buildConfigurations = (
				6544D06A23E0D793002C734F /* Debug */,
				6544D06B23E0D793002C734F /* Release */,
			);
			defaultConfigurationIsVisible = 0;
			defaultConfigurationName = Release;
		};
		6544D06C23E0D793002C734F /* Build configuration list for PBXNativeTarget "DeckOfOneCardObj-C" */ = {
			isa = XCConfigurationList;
			buildConfigurations = (
				6544D06D23E0D793002C734F /* Debug */,
				6544D06E23E0D793002C734F /* Release */,
			);
			defaultConfigurationIsVisible = 0;
			defaultConfigurationName = Release;
		};
/* End XCConfigurationList section */
	};
	rootObject = 6544D04B23E0D791002C734F /* Project object */;
}
